// !$*UTF8*$!
{
	archiveVersion = 1;
	classes = {
	};
	objectVersion = 50;
	objects = {

/* Begin PBXBuildFile section */
		2D73EB04215B2C3D00B597A0 /* AppDelegate.swift in Sources */ = {isa = PBXBuildFile; fileRef = 2D73EB03215B2C3D00B597A0 /* AppDelegate.swift */; };
		2D73EB06215B2C3D00B597A0 /* ViewController.swift in Sources */ = {isa = PBXBuildFile; fileRef = 2D73EB05215B2C3D00B597A0 /* ViewController.swift */; };
		2D73EB09215B2C3D00B597A0 /* Main.storyboard in Resources */ = {isa = PBXBuildFile; fileRef = 2D73EB07215B2C3D00B597A0 /* Main.storyboard */; };
		2D73EB0B215B2C3F00B597A0 /* Assets.xcassets in Resources */ = {isa = PBXBuildFile; fileRef = 2D73EB0A215B2C3F00B597A0 /* Assets.xcassets */; };
		2D73EB0E215B2C3F00B597A0 /* LaunchScreen.storyboard in Resources */ = {isa = PBXBuildFile; fileRef = 2D73EB0C215B2C3F00B597A0 /* LaunchScreen.storyboard */; };
		2D73EB19215B2C3F00B597A0 /* demoTests.swift in Sources */ = {isa = PBXBuildFile; fileRef = 2D73EB18215B2C3F00B597A0 /* demoTests.swift */; };
		2D73EB24215B2C3F00B597A0 /* demoUITests.swift in Sources */ = {isa = PBXBuildFile; fileRef = 2D73EB23215B2C3F00B597A0 /* demoUITests.swift */; };
/* End PBXBuildFile section */

/* Begin PBXContainerItemProxy section */
		2D73EB15215B2C3F00B597A0 /* PBXContainerItemProxy */ = {
			isa = PBXContainerItemProxy;
			containerPortal = 2D73EAF8215B2C3D00B597A0 /* Project object */;
			proxyType = 1;
			remoteGlobalIDString = 2D73EAFF215B2C3D00B597A0;
			remoteInfo = demo;
		};
		2D73EB20215B2C3F00B597A0 /* PBXContainerItemProxy */ = {
			isa = PBXContainerItemProxy;
			containerPortal = 2D73EAF8215B2C3D00B597A0 /* Project object */;
			proxyType = 1;
			remoteGlobalIDString = 2D73EAFF215B2C3D00B597A0;
			remoteInfo = demo;
		};
/* End PBXContainerItemProxy section */

/* Begin PBXFileReference section */
		2D73EB00215B2C3D00B597A0 /* demo.app */ = {isa = PBXFileReference; explicitFileType = wrapper.application; includeInIndex = 0; path = demo.app; sourceTree = BUILT_PRODUCTS_DIR; };
		2D73EB03215B2C3D00B597A0 /* AppDelegate.swift */ = {isa = PBXFileReference; lastKnownFileType = sourcecode.swift; path = AppDelegate.swift; sourceTree = "<group>"; };
		2D73EB05215B2C3D00B597A0 /* ViewController.swift */ = {isa = PBXFileReference; lastKnownFileType = sourcecode.swift; path = ViewController.swift; sourceTree = "<group>"; };
		2D73EB08215B2C3D00B597A0 /* Base */ = {isa = PBXFileReference; lastKnownFileType = file.storyboard; name = Base; path = Base.lproj/Main.storyboard; sourceTree = "<group>"; };
		2D73EB0A215B2C3F00B597A0 /* Assets.xcassets */ = {isa = PBXFileReference; lastKnownFileType = folder.assetcatalog; path = Assets.xcassets; sourceTree = "<group>"; };
		2D73EB0D215B2C3F00B597A0 /* Base */ = {isa = PBXFileReference; lastKnownFileType = file.storyboard; name = Base; path = Base.lproj/LaunchScreen.storyboard; sourceTree = "<group>"; };
		2D73EB0F215B2C3F00B597A0 /* Info.plist */ = {isa = PBXFileReference; lastKnownFileType = text.plist.xml; path = Info.plist; sourceTree = "<group>"; };
		2D73EB14215B2C3F00B597A0 /* demoTests.xctest */ = {isa = PBXFileReference; explicitFileType = wrapper.cfbundle; includeInIndex = 0; path = demoTests.xctest; sourceTree = BUILT_PRODUCTS_DIR; };
		2D73EB18215B2C3F00B597A0 /* demoTests.swift */ = {isa = PBXFileReference; lastKnownFileType = sourcecode.swift; path = demoTests.swift; sourceTree = "<group>"; };
		2D73EB1A215B2C3F00B597A0 /* Info.plist */ = {isa = PBXFileReference; lastKnownFileType = text.plist.xml; path = Info.plist; sourceTree = "<group>"; };
		2D73EB1F215B2C3F00B597A0 /* demoUITests.xctest */ = {isa = PBXFileReference; explicitFileType = wrapper.cfbundle; includeInIndex = 0; path = demoUITests.xctest; sourceTree = BUILT_PRODUCTS_DIR; };
		2D73EB23215B2C3F00B597A0 /* demoUITests.swift */ = {isa = PBXFileReference; lastKnownFileType = sourcecode.swift; path = demoUITests.swift; sourceTree = "<group>"; };
		2D73EB25215B2C3F00B597A0 /* Info.plist */ = {isa = PBXFileReference; lastKnownFileType = text.plist.xml; path = Info.plist; sourceTree = "<group>"; };
/* End PBXFileReference section */

/* Begin PBXFrameworksBuildPhase section */
		2D73EAFD215B2C3D00B597A0 /* Frameworks */ = {
			isa = PBXFrameworksBuildPhase;
			buildActionMask = 2147483647;
			files = (
			);
			runOnlyForDeploymentPostprocessing = 0;
		};
		2D73EB11215B2C3F00B597A0 /* Frameworks */ = {
			isa = PBXFrameworksBuildPhase;
			buildActionMask = 2147483647;
			files = (
			);
			runOnlyForDeploymentPostprocessing = 0;
		};
		2D73EB1C215B2C3F00B597A0 /* Frameworks */ = {
			isa = PBXFrameworksBuildPhase;
			buildActionMask = 2147483647;
			files = (
			);
			runOnlyForDeploymentPostprocessing = 0;
		};
/* End PBXFrameworksBuildPhase section */

/* Begin PBXGroup section */
		2D73EAF7215B2C3D00B597A0 = {
			isa = PBXGroup;
			children = (
				2D73EB02215B2C3D00B597A0 /* demo */,
				2D73EB17215B2C3F00B597A0 /* demoTests */,
				2D73EB22215B2C3F00B597A0 /* demoUITests */,
				2D73EB01215B2C3D00B597A0 /* Products */,
			);
			sourceTree = "<group>";
		};
		2D73EB01215B2C3D00B597A0 /* Products */ = {
			isa = PBXGroup;
			children = (
				2D73EB00215B2C3D00B597A0 /* demo.app */,
				2D73EB14215B2C3F00B597A0 /* demoTests.xctest */,
				2D73EB1F215B2C3F00B597A0 /* demoUITests.xctest */,
			);
			name = Products;
			sourceTree = "<group>";
		};
		2D73EB02215B2C3D00B597A0 /* demo */ = {
			isa = PBXGroup;
			children = (
				2D73EB03215B2C3D00B597A0 /* AppDelegate.swift */,
				2D73EB05215B2C3D00B597A0 /* ViewController.swift */,
				2D73EB07215B2C3D00B597A0 /* Main.storyboard */,
				2D73EB0A215B2C3F00B597A0 /* Assets.xcassets */,
				2D73EB0C215B2C3F00B597A0 /* LaunchScreen.storyboard */,
				2D73EB0F215B2C3F00B597A0 /* Info.plist */,
			);
			path = demo;
			sourceTree = "<group>";
		};
		2D73EB17215B2C3F00B597A0 /* demoTests */ = {
			isa = PBXGroup;
			children = (
				2D73EB18215B2C3F00B597A0 /* demoTests.swift */,
				2D73EB1A215B2C3F00B597A0 /* Info.plist */,
			);
			path = demoTests;
			sourceTree = "<group>";
		};
		2D73EB22215B2C3F00B597A0 /* demoUITests */ = {
			isa = PBXGroup;
			children = (
				2D73EB23215B2C3F00B597A0 /* demoUITests.swift */,
				2D73EB25215B2C3F00B597A0 /* Info.plist */,
			);
			path = demoUITests;
			sourceTree = "<group>";
		};
/* End PBXGroup section */

/* Begin PBXNativeTarget section */
		2D73EAFF215B2C3D00B597A0 /* demo */ = {
			isa = PBXNativeTarget;
			buildConfigurationList = 2D73EB28215B2C3F00B597A0 /* Build configuration list for PBXNativeTarget "demo" */;
			buildPhases = (
				2D73EAFC215B2C3D00B597A0 /* Sources */,
				2D73EAFD215B2C3D00B597A0 /* Frameworks */,
				2D73EAFE215B2C3D00B597A0 /* Resources */,
			);
			buildRules = (
			);
			dependencies = (
			);
			name = demo;
			productName = demo;
			productReference = 2D73EB00215B2C3D00B597A0 /* demo.app */;
			productType = "com.apple.product-type.application";
		};
		2D73EB13215B2C3F00B597A0 /* demoTests */ = {
			isa = PBXNativeTarget;
			buildConfigurationList = 2D73EB2B215B2C3F00B597A0 /* Build configuration list for PBXNativeTarget "demoTests" */;
			buildPhases = (
				2D73EB10215B2C3F00B597A0 /* Sources */,
				2D73EB11215B2C3F00B597A0 /* Frameworks */,
				2D73EB12215B2C3F00B597A0 /* Resources */,
			);
			buildRules = (
			);
			dependencies = (
				2D73EB16215B2C3F00B597A0 /* PBXTargetDependency */,
			);
			name = demoTests;
			productName = demoTests;
			productReference = 2D73EB14215B2C3F00B597A0 /* demoTests.xctest */;
			productType = "com.apple.product-type.bundle.unit-test";
		};
		2D73EB1E215B2C3F00B597A0 /* demoUITests */ = {
			isa = PBXNativeTarget;
			buildConfigurationList = 2D73EB2E215B2C3F00B597A0 /* Build configuration list for PBXNativeTarget "demoUITests" */;
			buildPhases = (
				2D73EB1B215B2C3F00B597A0 /* Sources */,
				2D73EB1C215B2C3F00B597A0 /* Frameworks */,
				2D73EB1D215B2C3F00B597A0 /* Resources */,
			);
			buildRules = (
			);
			dependencies = (
				2D73EB21215B2C3F00B597A0 /* PBXTargetDependency */,
			);
			name = demoUITests;
			productName = demoUITests;
			productReference = 2D73EB1F215B2C3F00B597A0 /* demoUITests.xctest */;
			productType = "com.apple.product-type.bundle.ui-testing";
		};
/* End PBXNativeTarget section */

/* Begin PBXProject section */
		2D73EAF8215B2C3D00B597A0 /* Project object */ = {
			isa = PBXProject;
			attributes = {
				LastSwiftUpdateCheck = 1000;
				LastUpgradeCheck = 1000;
				ORGANIZATIONNAME = xiao;
				TargetAttributes = {
					2D73EAFF215B2C3D00B597A0 = {
						CreatedOnToolsVersion = 10.0;
					};
					2D73EB13215B2C3F00B597A0 = {
						CreatedOnToolsVersion = 10.0;
						TestTargetID = 2D73EAFF215B2C3D00B597A0;
					};
					2D73EB1E215B2C3F00B597A0 = {
						CreatedOnToolsVersion = 10.0;
						TestTargetID = 2D73EAFF215B2C3D00B597A0;
					};
				};
			};
			buildConfigurationList = 2D73EAFB215B2C3D00B597A0 /* Build configuration list for PBXProject "demo" */;
			compatibilityVersion = "Xcode 9.3";
			developmentRegion = en;
			hasScannedForEncodings = 0;
			knownRegions = (
				en,
				Base,
			);
			mainGroup = 2D73EAF7215B2C3D00B597A0;
			productRefGroup = 2D73EB01215B2C3D00B597A0 /* Products */;
			projectDirPath = "";
			projectRoot = "";
			targets = (
				2D73EAFF215B2C3D00B597A0 /* demo */,
				2D73EB13215B2C3F00B597A0 /* demoTests */,
				2D73EB1E215B2C3F00B597A0 /* demoUITests */,
			);
		};
/* End PBXProject section */

/* Begin PBXResourcesBuildPhase section */
		2D73EAFE215B2C3D00B597A0 /* Resources */ = {
			isa = PBXResourcesBuildPhase;
			buildActionMask = 2147483647;
			files = (
				2D73EB0E215B2C3F00B597A0 /* LaunchScreen.storyboard in Resources */,
				2D73EB0B215B2C3F00B597A0 /* Assets.xcassets in Resources */,
				2D73EB09215B2C3D00B597A0 /* Main.storyboard in Resources */,
			);
			runOnlyForDeploymentPostprocessing = 0;
		};
		2D73EB12215B2C3F00B597A0 /* Resources */ = {
			isa = PBXResourcesBuildPhase;
			buildActionMask = 2147483647;
			files = (
			);
			runOnlyForDeploymentPostprocessing = 0;
		};
		2D73EB1D215B2C3F00B597A0 /* Resources */ = {
			isa = PBXResourcesBuildPhase;
			buildActionMask = 2147483647;
			files = (
			);
			runOnlyForDeploymentPostprocessing = 0;
		};
/* End PBXResourcesBuildPhase section */

/* Begin PBXSourcesBuildPhase section */
		2D73EAFC215B2C3D00B597A0 /* Sources */ = {
			isa = PBXSourcesBuildPhase;
			buildActionMask = 2147483647;
			files = (
				2D73EB06215B2C3D00B597A0 /* ViewController.swift in Sources */,
				2D73EB04215B2C3D00B597A0 /* AppDelegate.swift in Sources */,
			);
			runOnlyForDeploymentPostprocessing = 0;
		};
		2D73EB10215B2C3F00B597A0 /* Sources */ = {
			isa = PBXSourcesBuildPhase;
			buildActionMask = 2147483647;
			files = (
				2D73EB19215B2C3F00B597A0 /* demoTests.swift in Sources */,
			);
			runOnlyForDeploymentPostprocessing = 0;
		};
		2D73EB1B215B2C3F00B597A0 /* Sources */ = {
			isa = PBXSourcesBuildPhase;
			buildActionMask = 2147483647;
			files = (
				2D73EB24215B2C3F00B597A0 /* demoUITests.swift in Sources */,
			);
			runOnlyForDeploymentPostprocessing = 0;
		};
/* End PBXSourcesBuildPhase section */

/* Begin PBXTargetDependency section */
		2D73EB16215B2C3F00B597A0 /* PBXTargetDependency */ = {
			isa = PBXTargetDependency;
			target = 2D73EAFF215B2C3D00B597A0 /* demo */;
			targetProxy = 2D73EB15215B2C3F00B597A0 /* PBXContainerItemProxy */;
		};
		2D73EB21215B2C3F00B597A0 /* PBXTargetDependency */ = {
			isa = PBXTargetDependency;
			target = 2D73EAFF215B2C3D00B597A0 /* demo */;
			targetProxy = 2D73EB20215B2C3F00B597A0 /* PBXContainerItemProxy */;
		};
/* End PBXTargetDependency section */

/* Begin PBXVariantGroup section */
		2D73EB07215B2C3D00B597A0 /* Main.storyboard */ = {
			isa = PBXVariantGroup;
			children = (
				2D73EB08215B2C3D00B597A0 /* Base */,
			);
			name = Main.storyboard;
			sourceTree = "<group>";
		};
		2D73EB0C215B2C3F00B597A0 /* LaunchScreen.storyboard */ = {
			isa = PBXVariantGroup;
			children = (
				2D73EB0D215B2C3F00B597A0 /* Base */,
			);
			name = LaunchScreen.storyboard;
			sourceTree = "<group>";
		};
/* End PBXVariantGroup section */

/* Begin XCBuildConfiguration section */
		2D73EB26215B2C3F00B597A0 /* Debug */ = {
			isa = XCBuildConfiguration;
			buildSettings = {
				ALWAYS_SEARCH_USER_PATHS = NO;
				CLANG_ANALYZER_NONNULL = YES;
				CLANG_ANALYZER_NUMBER_OBJECT_CONVERSION = YES_AGGRESSIVE;
				CLANG_CXX_LANGUAGE_STANDARD = "gnu++14";
				CLANG_CXX_LIBRARY = "libc++";
				CLANG_ENABLE_MODULES = YES;
				CLANG_ENABLE_OBJC_ARC = YES;
				CLANG_ENABLE_OBJC_WEAK = YES;
				CLANG_WARN_BLOCK_CAPTURE_AUTORELEASING = YES;
				CLANG_WARN_BOOL_CONVERSION = YES;
				CLANG_WARN_COMMA = YES;
				CLANG_WARN_CONSTANT_CONVERSION = YES;
				CLANG_WARN_DEPRECATED_OBJC_IMPLEMENTATIONS = YES;
				CLANG_WARN_DIRECT_OBJC_ISA_USAGE = YES_ERROR;
				CLANG_WARN_DOCUMENTATION_COMMENTS = YES;
				CLANG_WARN_EMPTY_BODY = YES;
				CLANG_WARN_ENUM_CONVERSION = YES;
				CLANG_WARN_INFINITE_RECURSION = YES;
				CLANG_WARN_INT_CONVERSION = YES;
				CLANG_WARN_NON_LITERAL_NULL_CONVERSION = YES;
				CLANG_WARN_OBJC_IMPLICIT_RETAIN_SELF = YES;
				CLANG_WARN_OBJC_LITERAL_CONVERSION = YES;
				CLANG_WARN_OBJC_ROOT_CLASS = YES_ERROR;
				CLANG_WARN_RANGE_LOOP_ANALYSIS = YES;
				CLANG_WARN_STRICT_PROTOTYPES = YES;
				CLANG_WARN_SUSPICIOUS_MOVE = YES;
				CLANG_WARN_UNGUARDED_AVAILABILITY = YES_AGGRESSIVE;
				CLANG_WARN_UNREACHABLE_CODE = YES;
				CLANG_WARN__DUPLICATE_METHOD_MATCH = YES;
				CODE_SIGN_IDENTITY = "iPhone Developer";
				COPY_PHASE_STRIP = NO;
				DEBUG_INFORMATION_FORMAT = dwarf;
				ENABLE_STRICT_OBJC_MSGSEND = YES;
				ENABLE_TESTABILITY = YES;
				GCC_C_LANGUAGE_STANDARD = gnu11;
				GCC_DYNAMIC_NO_PIC = NO;
				GCC_NO_COMMON_BLOCKS = YES;
				GCC_OPTIMIZATION_LEVEL = 0;
				GCC_PREPROCESSOR_DEFINITIONS = (
					"DEBUG=1",
					"$(inherited)",
				);
				GCC_WARN_64_TO_32_BIT_CONVERSION = YES;
				GCC_WARN_ABOUT_RETURN_TYPE = YES_ERROR;
				GCC_WARN_UNDECLARED_SELECTOR = YES;
				GCC_WARN_UNINITIALIZED_AUTOS = YES_AGGRESSIVE;
				GCC_WARN_UNUSED_FUNCTION = YES;
				GCC_WARN_UNUSED_VARIABLE = YES;
				IPHONEOS_DEPLOYMENT_TARGET = 12.0;
				MTL_ENABLE_DEBUG_INFO = INCLUDE_SOURCE;
				MTL_FAST_MATH = YES;
				ONLY_ACTIVE_ARCH = YES;
				SDKROOT = iphoneos;
				SWIFT_ACTIVE_COMPILATION_CONDITIONS = DEBUG;
				SWIFT_OPTIMIZATION_LEVEL = "-Onone";
			};
			name = Debug;
		};
		2D73EB27215B2C3F00B597A0 /* Release */ = {
			isa = XCBuildConfiguration;
			buildSettings = {
				ALWAYS_SEARCH_USER_PATHS = NO;
				CLANG_ANALYZER_NONNULL = YES;
				CLANG_ANALYZER_NUMBER_OBJECT_CONVERSION = YES_AGGRESSIVE;
				CLANG_CXX_LANGUAGE_STANDARD = "gnu++14";
				CLANG_CXX_LIBRARY = "libc++";
				CLANG_ENABLE_MODULES = YES;
				CLANG_ENABLE_OBJC_ARC = YES;
				CLANG_ENABLE_OBJC_WEAK = YES;
				CLANG_WARN_BLOCK_CAPTURE_AUTORELEASING = YES;
				CLANG_WARN_BOOL_CONVERSION = YES;
				CLANG_WARN_COMMA = YES;
				CLANG_WARN_CONSTANT_CONVERSION = YES;
				CLANG_WARN_DEPRECATED_OBJC_IMPLEMENTATIONS = YES;
				CLANG_WARN_DIRECT_OBJC_ISA_USAGE = YES_ERROR;
				CLANG_WARN_DOCUMENTATION_COMMENTS = YES;
				CLANG_WARN_EMPTY_BODY = YES;
				CLANG_WARN_ENUM_CONVERSION = YES;
				CLANG_WARN_INFINITE_RECURSION = YES;
				CLANG_WARN_INT_CONVERSION = YES;
				CLANG_WARN_NON_LITERAL_NULL_CONVERSION = YES;
				CLANG_WARN_OBJC_IMPLICIT_RETAIN_SELF = YES;
				CLANG_WARN_OBJC_LITERAL_CONVERSION = YES;
				CLANG_WARN_OBJC_ROOT_CLASS = YES_ERROR;
				CLANG_WARN_RANGE_LOOP_ANALYSIS = YES;
				CLANG_WARN_STRICT_PROTOTYPES = YES;
				CLANG_WARN_SUSPICIOUS_MOVE = YES;
				CLANG_WARN_UNGUARDED_AVAILABILITY = YES_AGGRESSIVE;
				CLANG_WARN_UNREACHABLE_CODE = YES;
				CLANG_WARN__DUPLICATE_METHOD_MATCH = YES;
				CODE_SIGN_IDENTITY = "iPhone Developer";
				COPY_PHASE_STRIP = NO;
				DEBUG_INFORMATION_FORMAT = "dwarf-with-dsym";
				ENABLE_NS_ASSERTIONS = NO;
				ENABLE_STRICT_OBJC_MSGSEND = YES;
				GCC_C_LANGUAGE_STANDARD = gnu11;
				GCC_NO_COMMON_BLOCKS = YES;
				GCC_WARN_64_TO_32_BIT_CONVERSION = YES;
				GCC_WARN_ABOUT_RETURN_TYPE = YES_ERROR;
				GCC_WARN_UNDECLARED_SELECTOR = YES;
				GCC_WARN_UNINITIALIZED_AUTOS = YES_AGGRESSIVE;
				GCC_WARN_UNUSED_FUNCTION = YES;
				GCC_WARN_UNUSED_VARIABLE = YES;
				IPHONEOS_DEPLOYMENT_TARGET = 12.0;
				MTL_ENABLE_DEBUG_INFO = NO;
				MTL_FAST_MATH = YES;
				SDKROOT = iphoneos;
				SWIFT_COMPILATION_MODE = wholemodule;
				SWIFT_OPTIMIZATION_LEVEL = "-O";
				VALIDATE_PRODUCT = YES;
			};
			name = Release;
		};
		2D73EB29215B2C3F00B597A0 /* Debug */ = {
			isa = XCBuildConfiguration;
			buildSettings = {
				ASSETCATALOG_COMPILER_APPICON_NAME = AppIcon;
				CODE_SIGN_STYLE = Automatic;
				DEVELOPMENT_TEAM = 6ADV4ESJAH;
				INFOPLIST_FILE = demo/Info.plist;
				LD_RUNPATH_SEARCH_PATHS = (
					"$(inherited)",
					"@executable_path/Frameworks",
				);
				PRODUCT_BUNDLE_IDENTIFIER = swift.demo;
				PRODUCT_NAME = "$(TARGET_NAME)";
				SWIFT_VERSION = 4.2;
				TARGETED_DEVICE_FAMILY = "1,2";
			};
			name = Debug;
		};
		2D73EB2A215B2C3F00B597A0 /* Release */ = {
			isa = XCBuildConfiguration;
			buildSettings = {
				ASSETCATALOG_COMPILER_APPICON_NAME = AppIcon;
				CODE_SIGN_STYLE = Automatic;
				DEVELOPMENT_TEAM = 6ADV4ESJAH;
				INFOPLIST_FILE = demo/Info.plist;
				LD_RUNPATH_SEARCH_PATHS = (
					"$(inherited)",
					"@executable_path/Frameworks",
				);
				PRODUCT_BUNDLE_IDENTIFIER = swift.demo;
				PRODUCT_NAME = "$(TARGET_NAME)";
				SWIFT_VERSION = 4.2;
				TARGETED_DEVICE_FAMILY = "1,2";
			};
			name = Release;
		};
		2D73EB2C215B2C3F00B597A0 /* Debug */ = {
			isa = XCBuildConfiguration;
			buildSettings = {
				ALWAYS_EMBED_SWIFT_STANDARD_LIBRARIES = YES;
				BUNDLE_LOADER = "$(TEST_HOST)";
				CODE_SIGN_STYLE = Automatic;
				DEVELOPMENT_TEAM = 6ADV4ESJAH;
				INFOPLIST_FILE = demoTests/Info.plist;
				LD_RUNPATH_SEARCH_PATHS = (
					"$(inherited)",
					"@executable_path/Frameworks",
					"@loader_path/Frameworks",
				);
				PRODUCT_BUNDLE_IDENTIFIER = swift.demoTests;
				PRODUCT_NAME = "$(TARGET_NAME)";
				SWIFT_VERSION = 4.2;
				TARGETED_DEVICE_FAMILY = "1,2";
				TEST_HOST = "$(BUILT_PRODUCTS_DIR)/demo.app/demo";
			};
			name = Debug;
		};
		2D73EB2D215B2C3F00B597A0 /* Release */ = {
			isa = XCBuildConfiguration;
			buildSettings = {
				ALWAYS_EMBED_SWIFT_STANDARD_LIBRARIES = YES;
				BUNDLE_LOADER = "$(TEST_HOST)";
				CODE_SIGN_STYLE = Automatic;
				DEVELOPMENT_TEAM = 6ADV4ESJAH;
				INFOPLIST_FILE = demoTests/Info.plist;
				LD_RUNPATH_SEARCH_PATHS = (
					"$(inherited)",
					"@executable_path/Frameworks",
					"@loader_path/Frameworks",
				);
				PRODUCT_BUNDLE_IDENTIFIER = swift.demoTests;
				PRODUCT_NAME = "$(TARGET_NAME)";
				SWIFT_VERSION = 4.2;
				TARGETED_DEVICE_FAMILY = "1,2";
				TEST_HOST = "$(BUILT_PRODUCTS_DIR)/demo.app/demo";
			};
			name = Release;
		};
		2D73EB2F215B2C3F00B597A0 /* Debug */ = {
			isa = XCBuildConfiguration;
			buildSettings = {
				ALWAYS_EMBED_SWIFT_STANDARD_LIBRARIES = YES;
				CODE_SIGN_STYLE = Automatic;
				DEVELOPMENT_TEAM = 6ADV4ESJAH;
				INFOPLIST_FILE = demoUITests/Info.plist;
				LD_RUNPATH_SEARCH_PATHS = (
					"$(inherited)",
					"@executable_path/Frameworks",
					"@loader_path/Frameworks",
				);
				PRODUCT_BUNDLE_IDENTIFIER = swift.demoUITests;
				PRODUCT_NAME = "$(TARGET_NAME)";
				SWIFT_VERSION = 4.2;
				TARGETED_DEVICE_FAMILY = "1,2";
				TEST_TARGET_NAME = demo;
			};
			name = Debug;
		};
		2D73EB30215B2C3F00B597A0 /* Release */ = {
			isa = XCBuildConfiguration;
			buildSettings = {
				ALWAYS_EMBED_SWIFT_STANDARD_LIBRARIES = YES;
				CODE_SIGN_STYLE = Automatic;
				DEVELOPMENT_TEAM = 6ADV4ESJAH;
				INFOPLIST_FILE = demoUITests/Info.plist;
				LD_RUNPATH_SEARCH_PATHS = (
					"$(inherited)",
					"@executable_path/Frameworks",
					"@loader_path/Frameworks",
				);
				PRODUCT_BUNDLE_IDENTIFIER = swift.demoUITests;
				PRODUCT_NAME = "$(TARGET_NAME)";
				SWIFT_VERSION = 4.2;
				TARGETED_DEVICE_FAMILY = "1,2";
				TEST_TARGET_NAME = demo;
			};
			name = Release;
		};
/* End XCBuildConfiguration section */

/* Begin XCConfigurationList section */
		2D73EAFB215B2C3D00B597A0 /* Build configuration list for PBXProject "demo" */ = {
			isa = XCConfigurationList;
			buildConfigurations = (
				2D73EB26215B2C3F00B597A0 /* Debug */,
				2D73EB27215B2C3F00B597A0 /* Release */,
			);
			defaultConfigurationIsVisible = 0;
			defaultConfigurationName = Release;
		};
		2D73EB28215B2C3F00B597A0 /* Build configuration list for PBXNativeTarget "demo" */ = {
			isa = XCConfigurationList;
			buildConfigurations = (
				2D73EB29215B2C3F00B597A0 /* Debug */,
				2D73EB2A215B2C3F00B597A0 /* Release */,
			);
			defaultConfigurationIsVisible = 0;
			defaultConfigurationName = Release;
		};
		2D73EB2B215B2C3F00B597A0 /* Build configuration list for PBXNativeTarget "demoTests" */ = {
			isa = XCConfigurationList;
			buildConfigurations = (
				2D73EB2C215B2C3F00B597A0 /* Debug */,
				2D73EB2D215B2C3F00B597A0 /* Release */,
			);
			defaultConfigurationIsVisible = 0;
			defaultConfigurationName = Release;
		};
		2D73EB2E215B2C3F00B597A0 /* Build configuration list for PBXNativeTarget "demoUITests" */ = {
			isa = XCConfigurationList;
			buildConfigurations = (
				2D73EB2F215B2C3F00B597A0 /* Debug */,
				2D73EB30215B2C3F00B597A0 /* Release */,
			);
			defaultConfigurationIsVisible = 0;
			defaultConfigurationName = Release;
		};
/* End XCConfigurationList section */
	};
	rootObject = 2D73EAF8215B2C3D00B597A0 /* Project object */;
}
